
Microsoft Visual Studio Solution File, Format Version 12.00
# Visual Studio Version 17
VisualStudioVersion = 17.2.32616.157
MinimumVisualStudioVersion = 10.0.40219.1
Project("{9A19103F-16F7-4668-BE54-9A1E7A4F7556}") = "ExamApp", "StyleComponentApp\ExamApp.csproj", "{81BC72E9-5311-4682-ACD8-74BD5DEBFBD9}"
EndProject
Project("{FAE04EC0-301F-11D3-BF4B-00C04F79EFBC}") = "ExamApp.Domain", "ExamApp.Domain\ExamApp.Domain.csproj", "{D8592A0A-0D9D-47EA-AAAA-1F2EEC04798B}"
EndProject
Project("{FAE04EC0-301F-11D3-BF4B-00C04F79EFBC}") = "ExamApp.Data", "ExamApp.Data\ExamApp.Data.csproj", "{ADCDA655-7FA3-49CE-8441-C3A2089CEF10}"
EndProject
Project("{FAE04EC0-301F-11D3-BF4B-00C04F79EFBC}") = "ExamApp.Service", "ExamApp.Service\ExamApp.Service.csproj", "{089A2752-D045-46D3-A2F7-389836B7E201}"
EndProject
Global
	GlobalSection(SolutionConfigurationPlatforms) = preSolution
		Debug|Any CPU = Debug|Any CPU
		Release|Any CPU = Release|Any CPU
	EndGlobalSection
	GlobalSection(ProjectConfigurationPlatforms) = postSolution
		{81BC72E9-5311-4682-ACD8-74BD5DEBFBD9}.Debug|Any CPU.ActiveCfg = Debug|Any CPU
		{81BC72E9-5311-4682-ACD8-74BD5DEBFBD9}.Debug|Any CPU.Build.0 = Debug|Any CPU
		{81BC72E9-5311-4682-ACD8-74BD5DEBFBD9}.Release|Any CPU.ActiveCfg = Release|Any CPU
		{81BC72E9-5311-4682-ACD8-74BD5DEBFBD9}.Release|Any CPU.Build.0 = Release|Any CPU
		{D8592A0A-0D9D-47EA-AAAA-1F2EEC04798B}.Debug|Any CPU.ActiveCfg = Debug|Any CPU
		{D8592A0A-0D9D-47EA-AAAA-1F2EEC04798B}.Debug|Any CPU.Build.0 = Debug|Any CPU
		{D8592A0A-0D9D-47EA-AAAA-1F2EEC04798B}.Release|Any CPU.ActiveCfg = Release|Any CPU
		{D8592A0A-0D9D-47EA-AAAA-1F2EEC04798B}.Release|Any CPU.Build.0 = Release|Any CPU
		{ADCDA655-7FA3-49CE-8441-C3A2089CEF10}.Debug|Any CPU.ActiveCfg = Debug|Any CPU
		{ADCDA655-7FA3-49CE-8441-C3A2089CEF10}.Debug|Any CPU.Build.0 = Debug|Any CPU
		{ADCDA655-7FA3-49CE-8441-C3A2089CEF10}.Release|Any CPU.ActiveCfg = Release|Any CPU
		{ADCDA655-7FA3-49CE-8441-C3A2089CEF10}.Release|Any CPU.Build.0 = Release|Any CPU
		{089A2752-D045-46D3-A2F7-389836B7E201}.Debug|Any CPU.ActiveCfg = Debug|Any CPU
		{089A2752-D045-46D3-A2F7-389836B7E201}.Debug|Any CPU.Build.0 = Debug|Any CPU
		{089A2752-D045-46D3-A2F7-389836B7E201}.Release|Any CPU.ActiveCfg = Release|Any CPU
		{089A2752-D045-46D3-A2F7-389836B7E201}.Release|Any CPU.Build.0 = Release|Any CPU
	EndGlobalSection
	GlobalSection(SolutionProperties) = preSolution
		HideSolutionNode = FALSE
	EndGlobalSection
	GlobalSection(ExtensibilityGlobals) = postSolution
		SolutionGuid = {115CC8D3-78C0-43DB-9652-CF6639F74578}
	EndGlobalSection
EndGlobal
